
Microsoft Visual Studio Solution File, Format Version 12.00
# Visual Studio 15
VisualStudioVersion = 15.0.28307.757
MinimumVisualStudioVersion = 10.0.40219.1
Project("{8BC9CEB8-8B4A-11D0-8D11-00A0C91BC942}") = "s6g6", "s6g6\s6g6.vcxproj", "{01FF9FA6-05B8-46F3-8411-C12C9173100A}"
EndProject
Global
	GlobalSection(SolutionConfigurationPlatforms) = preSolution
		Debug|x64 = Debug|x64
		Debug|x86 = Debug|x86
		Release|x64 = Release|x64
		Release|x86 = Release|x86
	EndGlobalSection
	GlobalSection(ProjectConfigurationPlatforms) = postSolution
		{01FF9FA6-05B8-46F3-8411-C12C9173100A}.Debug|x64.ActiveCfg = Debug|x64
		{01FF9FA6-05B8-46F3-8411-C12C9173100A}.Debug|x64.Build.0 = Debug|x64
		{01FF9FA6-05B8-46F3-8411-C12C9173100A}.Debug|x86.ActiveCfg = Debug|Win32
		{01FF9FA6-05B8-46F3-8411-C12C9173100A}.Debug|x86.Build.0 = Debug|Win32
		{01FF9FA6-05B8-46F3-8411-C12C9173100A}.Release|x64.ActiveCfg = Release|x64
		{01FF9FA6-05B8-46F3-8411-C12C9173100A}.Release|x64.Build.0 = Release|x64
		{01FF9FA6-05B8-46F3-8411-C12C9173100A}.Release|x86.ActiveCfg = Release|Win32
		{01FF9FA6-05B8-46F3-8411-C12C9173100A}.Release|x86.Build.0 = Release|Win32
	EndGlobalSection
	GlobalSection(SolutionProperties) = preSolution
		HideSolutionNode = FALSE
	EndGlobalSection
	GlobalSection(ExtensibilityGlobals) = postSolution
		SolutionGuid = {92267742-21AB-48A1-BAC2-E61487544C9E}
	EndGlobalSection
EndGlobal
