<?xml version="1.0" encoding="utf-8"?>
<Project ToolsVersion="15.0" xmlns="http://schemas.microsoft.com/developer/msbuild/2003">
  <ItemGroup>
    <CustomBuild Include="D:\Projects\S6G6\CMakeFiles\34bc0d8815f4e128cb357847c38e4ecd\generate.stamp.rule">
      <Filter>CMake Rules</Filter>
    </CustomBuild>
  </ItemGroup>
  <ItemGroup>
    <Filter Include="CMake Rules">
      <UniqueIdentifier>{FDA86CE3-5EE6-3EE7-B69F-9A4DD5E52EEF}</UniqueIdentifier>
    </Filter>
  </ItemGroup>
</Project>
