<?xml version="1.0" encoding="utf-8"?>
<Project ToolsVersion="4.0" xmlns="http://schemas.microsoft.com/developer/msbuild/2003">
  <ItemGroup>
    <Filter Include="Source Files">
      <UniqueIdentifier>{4FC737F1-C7A5-4376-A066-2A32D752A2FF}</UniqueIdentifier>
      <Extensions>cpp;c;cc;cxx;def;odl;idl;hpj;bat;asm;asmx</Extensions>
    </Filter>
    <Filter Include="Header Files">
      <UniqueIdentifier>{93995380-89BD-4b04-88EB-625FBE52EBFB}</UniqueIdentifier>
      <Extensions>h;hh;hpp;hxx;hm;inl;inc;ipp;xsd</Extensions>
    </Filter>
  </ItemGroup>
  <ItemGroup>
    <ClInclude Include="..\include\CellInputData.h">
      <Filter>Header Files</Filter>
    </ClInclude>
    <ClInclude Include="..\include\CS6Dist.h">
      <Filter>Header Files</Filter>
    </ClInclude>
    <ClInclude Include="..\include\G6.h">
      <Filter>Header Files</Filter>
    </ClInclude>
    <ClInclude Include="..\include\LatticeConverter.h">
      <Filter>Header Files</Filter>
    </ClInclude>
    <ClInclude Include="..\include\LRL_Cell.h">
      <Filter>Header Files</Filter>
    </ClInclude>
    <ClInclude Include="..\include\LRL_ReadLatticeData.h">
      <Filter>Header Files</Filter>
    </ClInclude>
    <ClInclude Include="..\include\LRL_StringTools.h">
      <Filter>Header Files</Filter>
    </ClInclude>
    <ClInclude Include="..\include\LRL_ToString.h">
      <Filter>Header Files</Filter>
    </ClInclude>
    <ClInclude Include="..\include\MatG6.h">
      <Filter>Header Files</Filter>
    </ClInclude>
    <ClInclude Include="..\include\MatN.h">
      <Filter>Header Files</Filter>
    </ClInclude>
    <ClInclude Include="..\include\NCDist.h">
      <Filter>Header Files</Filter>
    </ClInclude>
    <ClInclude Include="..\include\Niggli.h">
      <Filter>Header Files</Filter>
    </ClInclude>
    <ClInclude Include="..\include\S6.h">
      <Filter>Header Files</Filter>
    </ClInclude>
    <ClInclude Include="..\include\Selling.h">
      <Filter>Header Files</Filter>
    </ClInclude>
    <ClInclude Include="..\include\VecN.h">
      <Filter>Header Files</Filter>
    </ClInclude>
  </ItemGroup>
  <ItemGroup>
    <ClCompile Include="..\src\CellInputData.cpp">
      <Filter>Source Files</Filter>
    </ClCompile>
    <ClCompile Include="..\src\G6.cpp">
      <Filter>Source Files</Filter>
    </ClCompile>
    <ClCompile Include="..\src\LatticeConverter.cpp">
      <Filter>Source Files</Filter>
    </ClCompile>
    <ClCompile Include="..\src\LRL_Cell.cpp">
      <Filter>Source Files</Filter>
    </ClCompile>
    <ClCompile Include="..\src\LRL_ReadLatticeData.cpp">
      <Filter>Source Files</Filter>
    </ClCompile>
    <ClCompile Include="..\src\LRL_StringTools.cpp">
      <Filter>Source Files</Filter>
    </ClCompile>
    <ClCompile Include="..\src\MatG6.cpp">
      <Filter>Source Files</Filter>
    </ClCompile>
    <ClCompile Include="..\src\MatN.cpp">
      <Filter>Source Files</Filter>
    </ClCompile>
    <ClCompile Include="..\src\Niggli.cpp">
      <Filter>Source Files</Filter>
    </ClCompile>
    <ClCompile Include="..\src\S6.cpp">
      <Filter>Source Files</Filter>
    </ClCompile>
    <ClCompile Include="..\src\S6G6_test.cpp">
      <Filter>Source Files</Filter>
    </ClCompile>
    <ClCompile Include="..\src\Selling.cpp">
      <Filter>Source Files</Filter>
    </ClCompile>
    <ClCompile Include="..\src\VecN.cpp">
      <Filter>Source Files</Filter>
    </ClCompile>
    <ClCompile Include="..\src\Rcpp_distance.cpp">
      <Filter>Source Files</Filter>
    </ClCompile>
  </ItemGroup>
  <ItemGroup>
    <Text Include="..\src\CMakeLists.txt" />
  </ItemGroup>
  <ItemGroup>
    <None Include="..\src\Project.sln" />
  </ItemGroup>
</Project>